// !$*UTF8*$!
{
	archiveVersion = 1;
	classes = {
	};
	objectVersion = 56;
	objects = {

/* Begin PBXBuildFile section */
		BF39631C2B8AE0CE00253706 /* Networking.framework in Frameworks */ = {isa = PBXBuildFile; fileRef = BF39631B2B8AE0CE00253706 /* Networking.framework */; };
		BF3963202B8AE16E00253706 /* NewsRequesterUseCase.swift in Sources */ = {isa = PBXBuildFile; fileRef = BF39631F2B8AE16E00253706 /* NewsRequesterUseCase.swift */; };
		BF3963222B8AE18B00253706 /* NewsResourceHelper.swift in Sources */ = {isa = PBXBuildFile; fileRef = BF3963212B8AE18B00253706 /* NewsResourceHelper.swift */; };
		BF3963252B8AE1E500253706 /* NewsResource.swift in Sources */ = {isa = PBXBuildFile; fileRef = BF3963242B8AE1E500253706 /* NewsResource.swift */; };
		BF3963282B8AE54C00253706 /* NewsResponse.swift in Sources */ = {isa = PBXBuildFile; fileRef = BF3963272B8AE54C00253706 /* NewsResponse.swift */; };
		BF39632A2B8AE7E900253706 /* BaseResponse.swift in Sources */ = {isa = PBXBuildFile; fileRef = BF3963292B8AE7E900253706 /* BaseResponse.swift */; };
		BFC6AFCE2B8A666600E3D2E7 /* PEGBUseCases.docc in Sources */ = {isa = PBXBuildFile; fileRef = BFC6AFCD2B8A666600E3D2E7 /* PEGBUseCases.docc */; };
		BFC6AFD42B8A666600E3D2E7 /* PEGBUseCases.framework in Frameworks */ = {isa = PBXBuildFile; fileRef = BFC6AFC92B8A666600E3D2E7 /* PEGBUseCases.framework */; };
		BFC6AFD92B8A666600E3D2E7 /* PEGBUseCasesTests.swift in Sources */ = {isa = PBXBuildFile; fileRef = BFC6AFD82B8A666600E3D2E7 /* PEGBUseCasesTests.swift */; };
		BFC6AFDA2B8A666600E3D2E7 /* PEGBUseCases.h in Headers */ = {isa = PBXBuildFile; fileRef = BFC6AFCC2B8A666600E3D2E7 /* PEGBUseCases.h */; settings = {ATTRIBUTES = (Public, ); }; };
		BFC6AFF12B8A66AD00E3D2E7 /* PredefineDataUseCase.swift in Sources */ = {isa = PBXBuildFile; fileRef = BFC6AFF02B8A66AD00E3D2E7 /* PredefineDataUseCase.swift */; };
		BFC6AFF42B8A66C400E3D2E7 /* PEGBCore.framework in Frameworks */ = {isa = PBXBuildFile; fileRef = BFC6AFF32B8A66C400E3D2E7 /* PEGBCore.framework */; };
		BFC6AFFA2B8A679900E3D2E7 /* UserAuthenticationUseCase.swift in Sources */ = {isa = PBXBuildFile; fileRef = BFC6AFF92B8A679900E3D2E7 /* UserAuthenticationUseCase.swift */; };
		BFC6AFFD2B8A693C00E3D2E7 /* UserRepositoryHelper.swift in Sources */ = {isa = PBXBuildFile; fileRef = BFC6AFFC2B8A693C00E3D2E7 /* UserRepositoryHelper.swift */; };
		BFC6B0002B8A6AD600E3D2E7 /* UserAuthenticationError.swift in Sources */ = {isa = PBXBuildFile; fileRef = BFC6AFFF2B8A6AD600E3D2E7 /* UserAuthenticationError.swift */; };
/* End PBXBuildFile section */

/* Begin PBXContainerItemProxy section */
		BFC6AFD52B8A666600E3D2E7 /* PBXContainerItemProxy */ = {
			isa = PBXContainerItemProxy;
			containerPortal = BFC6AFC02B8A666600E3D2E7 /* Project object */;
			proxyType = 1;
			remoteGlobalIDString = BFC6AFC82B8A666600E3D2E7;
			remoteInfo = PEGBUseCases;
		};
/* End PBXContainerItemProxy section */

/* Begin PBXFileReference section */
		BF39631B2B8AE0CE00253706 /* Networking.framework */ = {isa = PBXFileReference; explicitFileType = wrapper.framework; path = Networking.framework; sourceTree = BUILT_PRODUCTS_DIR; };
		BF39631F2B8AE16E00253706 /* NewsRequesterUseCase.swift */ = {isa = PBXFileReference; lastKnownFileType = sourcecode.swift; path = NewsRequesterUseCase.swift; sourceTree = "<group>"; };
		BF3963212B8AE18B00253706 /* NewsResourceHelper.swift */ = {isa = PBXFileReference; lastKnownFileType = sourcecode.swift; path = NewsResourceHelper.swift; sourceTree = "<group>"; };
		BF3963242B8AE1E500253706 /* NewsResource.swift */ = {isa = PBXFileReference; lastKnownFileType = sourcecode.swift; path = NewsResource.swift; sourceTree = "<group>"; };
		BF3963272B8AE54C00253706 /* NewsResponse.swift */ = {isa = PBXFileReference; lastKnownFileType = sourcecode.swift; path = NewsResponse.swift; sourceTree = "<group>"; };
		BF3963292B8AE7E900253706 /* BaseResponse.swift */ = {isa = PBXFileReference; lastKnownFileType = sourcecode.swift; path = BaseResponse.swift; sourceTree = "<group>"; };
		BFC6AFC92B8A666600E3D2E7 /* PEGBUseCases.framework */ = {isa = PBXFileReference; explicitFileType = wrapper.framework; includeInIndex = 0; path = PEGBUseCases.framework; sourceTree = BUILT_PRODUCTS_DIR; };
		BFC6AFCC2B8A666600E3D2E7 /* PEGBUseCases.h */ = {isa = PBXFileReference; lastKnownFileType = sourcecode.c.h; path = PEGBUseCases.h; sourceTree = "<group>"; };
		BFC6AFCD2B8A666600E3D2E7 /* PEGBUseCases.docc */ = {isa = PBXFileReference; lastKnownFileType = folder.documentationcatalog; path = PEGBUseCases.docc; sourceTree = "<group>"; };
		BFC6AFD32B8A666600E3D2E7 /* PEGBUseCasesTests.xctest */ = {isa = PBXFileReference; explicitFileType = wrapper.cfbundle; includeInIndex = 0; path = PEGBUseCasesTests.xctest; sourceTree = BUILT_PRODUCTS_DIR; };
		BFC6AFD82B8A666600E3D2E7 /* PEGBUseCasesTests.swift */ = {isa = PBXFileReference; lastKnownFileType = sourcecode.swift; path = PEGBUseCasesTests.swift; sourceTree = "<group>"; };
		BFC6AFF02B8A66AD00E3D2E7 /* PredefineDataUseCase.swift */ = {isa = PBXFileReference; fileEncoding = 4; lastKnownFileType = sourcecode.swift; path = PredefineDataUseCase.swift; sourceTree = "<group>"; };
		BFC6AFF32B8A66C400E3D2E7 /* PEGBCore.framework */ = {isa = PBXFileReference; explicitFileType = wrapper.framework; path = PEGBCore.framework; sourceTree = BUILT_PRODUCTS_DIR; };
		BFC6AFF92B8A679900E3D2E7 /* UserAuthenticationUseCase.swift */ = {isa = PBXFileReference; lastKnownFileType = sourcecode.swift; path = UserAuthenticationUseCase.swift; sourceTree = "<group>"; };
		BFC6AFFC2B8A693C00E3D2E7 /* UserRepositoryHelper.swift */ = {isa = PBXFileReference; lastKnownFileType = sourcecode.swift; path = UserRepositoryHelper.swift; sourceTree = "<group>"; };
		BFC6AFFF2B8A6AD600E3D2E7 /* UserAuthenticationError.swift */ = {isa = PBXFileReference; lastKnownFileType = sourcecode.swift; path = UserAuthenticationError.swift; sourceTree = "<group>"; };
/* End PBXFileReference section */

/* Begin PBXFrameworksBuildPhase section */
		BFC6AFC62B8A666600E3D2E7 /* Frameworks */ = {
			isa = PBXFrameworksBuildPhase;
			buildActionMask = 2147483647;
			files = (
				BF39631C2B8AE0CE00253706 /* Networking.framework in Frameworks */,
				BFC6AFF42B8A66C400E3D2E7 /* PEGBCore.framework in Frameworks */,
			);
			runOnlyForDeploymentPostprocessing = 0;
		};
		BFC6AFD02B8A666600E3D2E7 /* Frameworks */ = {
			isa = PBXFrameworksBuildPhase;
			buildActionMask = 2147483647;
			files = (
				BFC6AFD42B8A666600E3D2E7 /* PEGBUseCases.framework in Frameworks */,
			);
			runOnlyForDeploymentPostprocessing = 0;
		};
/* End PBXFrameworksBuildPhase section */

/* Begin PBXGroup section */
		BF3963232B8AE1D600253706 /* Resources */ = {
			isa = PBXGroup;
			children = (
				BF3963242B8AE1E500253706 /* NewsResource.swift */,
			);
			path = Resources;
			sourceTree = "<group>";
		};
		BF3963262B8AE53900253706 /* Responses */ = {
			isa = PBXGroup;
			children = (
				BF3963272B8AE54C00253706 /* NewsResponse.swift */,
				BF3963292B8AE7E900253706 /* BaseResponse.swift */,
			);
			path = Responses;
			sourceTree = "<group>";
		};
		BFC6AFBF2B8A666600E3D2E7 = {
			isa = PBXGroup;
			children = (
				BFC6AFCB2B8A666600E3D2E7 /* PEGBUseCases */,
				BFC6AFD72B8A666600E3D2E7 /* PEGBUseCasesTests */,
				BFC6AFCA2B8A666600E3D2E7 /* Products */,
				BFC6AFF22B8A66C400E3D2E7 /* Frameworks */,
			);
			sourceTree = "<group>";
		};
		BFC6AFCA2B8A666600E3D2E7 /* Products */ = {
			isa = PBXGroup;
			children = (
				BFC6AFC92B8A666600E3D2E7 /* PEGBUseCases.framework */,
				BFC6AFD32B8A666600E3D2E7 /* PEGBUseCasesTests.xctest */,
			);
			name = Products;
			sourceTree = "<group>";
		};
		BFC6AFCB2B8A666600E3D2E7 /* PEGBUseCases */ = {
			isa = PBXGroup;
			children = (
				BF3963262B8AE53900253706 /* Responses */,
				BF3963232B8AE1D600253706 /* Resources */,
				BFC6AFFE2B8A6AB300E3D2E7 /* Errors */,
				BFC6AFFB2B8A692400E3D2E7 /* Helpers */,
				BFC6AFEC2B8A666B00E3D2E7 /* UseCases */,
				BFC6AFCC2B8A666600E3D2E7 /* PEGBUseCases.h */,
				BFC6AFCD2B8A666600E3D2E7 /* PEGBUseCases.docc */,
			);
			path = PEGBUseCases;
			sourceTree = "<group>";
		};
		BFC6AFD72B8A666600E3D2E7 /* PEGBUseCasesTests */ = {
			isa = PBXGroup;
			children = (
				BFC6AFD82B8A666600E3D2E7 /* PEGBUseCasesTests.swift */,
			);
			path = PEGBUseCasesTests;
			sourceTree = "<group>";
		};
		BFC6AFEC2B8A666B00E3D2E7 /* UseCases */ = {
			isa = PBXGroup;
			children = (
				BFC6AFF02B8A66AD00E3D2E7 /* PredefineDataUseCase.swift */,
				BFC6AFF92B8A679900E3D2E7 /* UserAuthenticationUseCase.swift */,
				BF39631F2B8AE16E00253706 /* NewsRequesterUseCase.swift */,
			);
			path = UseCases;
			sourceTree = "<group>";
		};
		BFC6AFF22B8A66C400E3D2E7 /* Frameworks */ = {
			isa = PBXGroup;
			children = (
				BF39631B2B8AE0CE00253706 /* Networking.framework */,
				BFC6AFF32B8A66C400E3D2E7 /* PEGBCore.framework */,
			);
			name = Frameworks;
			sourceTree = "<group>";
		};
		BFC6AFFB2B8A692400E3D2E7 /* Helpers */ = {
			isa = PBXGroup;
			children = (
				BFC6AFFC2B8A693C00E3D2E7 /* UserRepositoryHelper.swift */,
				BF3963212B8AE18B00253706 /* NewsResourceHelper.swift */,
			);
			path = Helpers;
			sourceTree = "<group>";
		};
		BFC6AFFE2B8A6AB300E3D2E7 /* Errors */ = {
			isa = PBXGroup;
			children = (
				BFC6AFFF2B8A6AD600E3D2E7 /* UserAuthenticationError.swift */,
			);
			path = Errors;
			sourceTree = "<group>";
		};
/* End PBXGroup section */

/* Begin PBXHeadersBuildPhase section */
		BFC6AFC42B8A666600E3D2E7 /* Headers */ = {
			isa = PBXHeadersBuildPhase;
			buildActionMask = 2147483647;
			files = (
				BFC6AFDA2B8A666600E3D2E7 /* PEGBUseCases.h in Headers */,
			);
			runOnlyForDeploymentPostprocessing = 0;
		};
/* End PBXHeadersBuildPhase section */

/* Begin PBXNativeTarget section */
		BFC6AFC82B8A666600E3D2E7 /* PEGBUseCases */ = {
			isa = PBXNativeTarget;
			buildConfigurationList = BFC6AFDD2B8A666600E3D2E7 /* Build configuration list for PBXNativeTarget "PEGBUseCases" */;
			buildPhases = (
				BFC6AFC42B8A666600E3D2E7 /* Headers */,
				BFC6AFC52B8A666600E3D2E7 /* Sources */,
				BFC6AFC62B8A666600E3D2E7 /* Frameworks */,
				BFC6AFC72B8A666600E3D2E7 /* Resources */,
			);
			buildRules = (
			);
			dependencies = (
			);
			name = PEGBUseCases;
			productName = PEGBUseCases;
			productReference = BFC6AFC92B8A666600E3D2E7 /* PEGBUseCases.framework */;
			productType = "com.apple.product-type.framework";
		};
		BFC6AFD22B8A666600E3D2E7 /* PEGBUseCasesTests */ = {
			isa = PBXNativeTarget;
			buildConfigurationList = BFC6AFE02B8A666600E3D2E7 /* Build configuration list for PBXNativeTarget "PEGBUseCasesTests" */;
			buildPhases = (
				BFC6AFCF2B8A666600E3D2E7 /* Sources */,
				BFC6AFD02B8A666600E3D2E7 /* Frameworks */,
				BFC6AFD12B8A666600E3D2E7 /* Resources */,
			);
			buildRules = (
			);
			dependencies = (
				BFC6AFD62B8A666600E3D2E7 /* PBXTargetDependency */,
			);
			name = PEGBUseCasesTests;
			productName = PEGBUseCasesTests;
			productReference = BFC6AFD32B8A666600E3D2E7 /* PEGBUseCasesTests.xctest */;
			productType = "com.apple.product-type.bundle.unit-test";
		};
/* End PBXNativeTarget section */

/* Begin PBXProject section */
		BFC6AFC02B8A666600E3D2E7 /* Project object */ = {
			isa = PBXProject;
			attributes = {
				BuildIndependentTargetsInParallel = 1;
				LastSwiftUpdateCheck = 1520;
				LastUpgradeCheck = 1520;
				TargetAttributes = {
					BFC6AFC82B8A666600E3D2E7 = {
						CreatedOnToolsVersion = 15.2;
					};
					BFC6AFD22B8A666600E3D2E7 = {
						CreatedOnToolsVersion = 15.2;
					};
				};
			};
			buildConfigurationList = BFC6AFC32B8A666600E3D2E7 /* Build configuration list for PBXProject "PEGBUseCases" */;
			compatibilityVersion = "Xcode 14.0";
			developmentRegion = en;
			hasScannedForEncodings = 0;
			knownRegions = (
				en,
				Base,
			);
			mainGroup = BFC6AFBF2B8A666600E3D2E7;
			productRefGroup = BFC6AFCA2B8A666600E3D2E7 /* Products */;
			projectDirPath = "";
			projectRoot = "";
			targets = (
				BFC6AFC82B8A666600E3D2E7 /* PEGBUseCases */,
				BFC6AFD22B8A666600E3D2E7 /* PEGBUseCasesTests */,
			);
		};
/* End PBXProject section */

/* Begin PBXResourcesBuildPhase section */
		BFC6AFC72B8A666600E3D2E7 /* Resources */ = {
			isa = PBXResourcesBuildPhase;
			buildActionMask = 2147483647;
			files = (
			);
			runOnlyForDeploymentPostprocessing = 0;
		};
		BFC6AFD12B8A666600E3D2E7 /* Resources */ = {
			isa = PBXResourcesBuildPhase;
			buildActionMask = 2147483647;
			files = (
			);
			runOnlyForDeploymentPostprocessing = 0;
		};
/* End PBXResourcesBuildPhase section */

/* Begin PBXSourcesBuildPhase section */
		BFC6AFC52B8A666600E3D2E7 /* Sources */ = {
			isa = PBXSourcesBuildPhase;
			buildActionMask = 2147483647;
			files = (
				BFC6AFFD2B8A693C00E3D2E7 /* UserRepositoryHelper.swift in Sources */,
				BFC6AFF12B8A66AD00E3D2E7 /* PredefineDataUseCase.swift in Sources */,
				BFC6AFCE2B8A666600E3D2E7 /* PEGBUseCases.docc in Sources */,
				BF3963202B8AE16E00253706 /* NewsRequesterUseCase.swift in Sources */,
				BFC6AFFA2B8A679900E3D2E7 /* UserAuthenticationUseCase.swift in Sources */,
				BF39632A2B8AE7E900253706 /* BaseResponse.swift in Sources */,
				BF3963282B8AE54C00253706 /* NewsResponse.swift in Sources */,
				BF3963222B8AE18B00253706 /* NewsResourceHelper.swift in Sources */,
				BF3963252B8AE1E500253706 /* NewsResource.swift in Sources */,
				BFC6B0002B8A6AD600E3D2E7 /* UserAuthenticationError.swift in Sources */,
			);
			runOnlyForDeploymentPostprocessing = 0;
		};
		BFC6AFCF2B8A666600E3D2E7 /* Sources */ = {
			isa = PBXSourcesBuildPhase;
			buildActionMask = 2147483647;
			files = (
				BFC6AFD92B8A666600E3D2E7 /* PEGBUseCasesTests.swift in Sources */,
			);
			runOnlyForDeploymentPostprocessing = 0;
		};
/* End PBXSourcesBuildPhase section */

/* Begin PBXTargetDependency section */
		BFC6AFD62B8A666600E3D2E7 /* PBXTargetDependency */ = {
			isa = PBXTargetDependency;
			target = BFC6AFC82B8A666600E3D2E7 /* PEGBUseCases */;
			targetProxy = BFC6AFD52B8A666600E3D2E7 /* PBXContainerItemProxy */;
		};
/* End PBXTargetDependency section */

/* Begin XCBuildConfiguration section */
		BFC6AFDB2B8A666600E3D2E7 /* Debug */ = {
			isa = XCBuildConfiguration;
			buildSettings = {
				ALWAYS_SEARCH_USER_PATHS = NO;
				ASSETCATALOG_COMPILER_GENERATE_SWIFT_ASSET_SYMBOL_EXTENSIONS = YES;
				CLANG_ANALYZER_NONNULL = YES;
				CLANG_ANALYZER_NUMBER_OBJECT_CONVERSION = YES_AGGRESSIVE;
				CLANG_CXX_LANGUAGE_STANDARD = "gnu++20";
				CLANG_ENABLE_MODULES = YES;
				CLANG_ENABLE_OBJC_ARC = YES;
				CLANG_ENABLE_OBJC_WEAK = YES;
				CLANG_WARN_BLOCK_CAPTURE_AUTORELEASING = YES;
				CLANG_WARN_BOOL_CONVERSION = YES;
				CLANG_WARN_COMMA = YES;
				CLANG_WARN_CONSTANT_CONVERSION = YES;
				CLANG_WARN_DEPRECATED_OBJC_IMPLEMENTATIONS = YES;
				CLANG_WARN_DIRECT_OBJC_ISA_USAGE = YES_ERROR;
				CLANG_WARN_DOCUMENTATION_COMMENTS = YES;
				CLANG_WARN_EMPTY_BODY = YES;
				CLANG_WARN_ENUM_CONVERSION = YES;
				CLANG_WARN_INFINITE_RECURSION = YES;
				CLANG_WARN_INT_CONVERSION = YES;
				CLANG_WARN_NON_LITERAL_NULL_CONVERSION = YES;
				CLANG_WARN_OBJC_IMPLICIT_RETAIN_SELF = YES;
				CLANG_WARN_OBJC_LITERAL_CONVERSION = YES;
				CLANG_WARN_OBJC_ROOT_CLASS = YES_ERROR;
				CLANG_WARN_QUOTED_INCLUDE_IN_FRAMEWORK_HEADER = YES;
				CLANG_WARN_RANGE_LOOP_ANALYSIS = YES;
				CLANG_WARN_STRICT_PROTOTYPES = YES;
				CLANG_WARN_SUSPICIOUS_MOVE = YES;
				CLANG_WARN_UNGUARDED_AVAILABILITY = YES_AGGRESSIVE;
				CLANG_WARN_UNREACHABLE_CODE = YES;
				CLANG_WARN__DUPLICATE_METHOD_MATCH = YES;
				COPY_PHASE_STRIP = NO;
				CURRENT_PROJECT_VERSION = 1;
				DEBUG_INFORMATION_FORMAT = dwarf;
				ENABLE_STRICT_OBJC_MSGSEND = YES;
				ENABLE_TESTABILITY = YES;
				ENABLE_USER_SCRIPT_SANDBOXING = YES;
				GCC_C_LANGUAGE_STANDARD = gnu17;
				GCC_DYNAMIC_NO_PIC = NO;
				GCC_NO_COMMON_BLOCKS = YES;
				GCC_OPTIMIZATION_LEVEL = 0;
				GCC_PREPROCESSOR_DEFINITIONS = (
					"DEBUG=1",
					"$(inherited)",
				);
				GCC_WARN_64_TO_32_BIT_CONVERSION = YES;
				GCC_WARN_ABOUT_RETURN_TYPE = YES_ERROR;
				GCC_WARN_UNDECLARED_SELECTOR = YES;
				GCC_WARN_UNINITIALIZED_AUTOS = YES_AGGRESSIVE;
				GCC_WARN_UNUSED_FUNCTION = YES;
				GCC_WARN_UNUSED_VARIABLE = YES;
				IPHONEOS_DEPLOYMENT_TARGET = 12.0;
				LOCALIZATION_PREFERS_STRING_CATALOGS = YES;
				MTL_ENABLE_DEBUG_INFO = INCLUDE_SOURCE;
				MTL_FAST_MATH = YES;
				ONLY_ACTIVE_ARCH = YES;
				SDKROOT = iphoneos;
				SWIFT_ACTIVE_COMPILATION_CONDITIONS = "DEBUG $(inherited)";
				SWIFT_OPTIMIZATION_LEVEL = "-Onone";
				VERSIONING_SYSTEM = "apple-generic";
				VERSION_INFO_PREFIX = "";
			};
			name = Debug;
		};
		BFC6AFDC2B8A666600E3D2E7 /* Release */ = {
			isa = XCBuildConfiguration;
			buildSettings = {
				ALWAYS_SEARCH_USER_PATHS = NO;
				ASSETCATALOG_COMPILER_GENERATE_SWIFT_ASSET_SYMBOL_EXTENSIONS = YES;
				CLANG_ANALYZER_NONNULL = YES;
				CLANG_ANALYZER_NUMBER_OBJECT_CONVERSION = YES_AGGRESSIVE;
				CLANG_CXX_LANGUAGE_STANDARD = "gnu++20";
				CLANG_ENABLE_MODULES = YES;
				CLANG_ENABLE_OBJC_ARC = YES;
				CLANG_ENABLE_OBJC_WEAK = YES;
				CLANG_WARN_BLOCK_CAPTURE_AUTORELEASING = YES;
				CLANG_WARN_BOOL_CONVERSION = YES;
				CLANG_WARN_COMMA = YES;
				CLANG_WARN_CONSTANT_CONVERSION = YES;
				CLANG_WARN_DEPRECATED_OBJC_IMPLEMENTATIONS = YES;
				CLANG_WARN_DIRECT_OBJC_ISA_USAGE = YES_ERROR;
				CLANG_WARN_DOCUMENTATION_COMMENTS = YES;
				CLANG_WARN_EMPTY_BODY = YES;
				CLANG_WARN_ENUM_CONVERSION = YES;
				CLANG_WARN_INFINITE_RECURSION = YES;
				CLANG_WARN_INT_CONVERSION = YES;
				CLANG_WARN_NON_LITERAL_NULL_CONVERSION = YES;
				CLANG_WARN_OBJC_IMPLICIT_RETAIN_SELF = YES;
				CLANG_WARN_OBJC_LITERAL_CONVERSION = YES;
				CLANG_WARN_OBJC_ROOT_CLASS = YES_ERROR;
				CLANG_WARN_QUOTED_INCLUDE_IN_FRAMEWORK_HEADER = YES;
				CLANG_WARN_RANGE_LOOP_ANALYSIS = YES;
				CLANG_WARN_STRICT_PROTOTYPES = YES;
				CLANG_WARN_SUSPICIOUS_MOVE = YES;
				CLANG_WARN_UNGUARDED_AVAILABILITY = YES_AGGRESSIVE;
				CLANG_WARN_UNREACHABLE_CODE = YES;
				CLANG_WARN__DUPLICATE_METHOD_MATCH = YES;
				COPY_PHASE_STRIP = NO;
				CURRENT_PROJECT_VERSION = 1;
				DEBUG_INFORMATION_FORMAT = "dwarf-with-dsym";
				ENABLE_NS_ASSERTIONS = NO;
				ENABLE_STRICT_OBJC_MSGSEND = YES;
				ENABLE_USER_SCRIPT_SANDBOXING = YES;
				GCC_C_LANGUAGE_STANDARD = gnu17;
				GCC_NO_COMMON_BLOCKS = YES;
				GCC_WARN_64_TO_32_BIT_CONVERSION = YES;
				GCC_WARN_ABOUT_RETURN_TYPE = YES_ERROR;
				GCC_WARN_UNDECLARED_SELECTOR = YES;
				GCC_WARN_UNINITIALIZED_AUTOS = YES_AGGRESSIVE;
				GCC_WARN_UNUSED_FUNCTION = YES;
				GCC_WARN_UNUSED_VARIABLE = YES;
				IPHONEOS_DEPLOYMENT_TARGET = 12.0;
				LOCALIZATION_PREFERS_STRING_CATALOGS = YES;
				MTL_ENABLE_DEBUG_INFO = NO;
				MTL_FAST_MATH = YES;
				SDKROOT = iphoneos;
				SWIFT_COMPILATION_MODE = wholemodule;
				VALIDATE_PRODUCT = YES;
				VERSIONING_SYSTEM = "apple-generic";
				VERSION_INFO_PREFIX = "";
			};
			name = Release;
		};
		BFC6AFDE2B8A666600E3D2E7 /* Debug */ = {
			isa = XCBuildConfiguration;
			buildSettings = {
				CODE_SIGN_STYLE = Automatic;
				CURRENT_PROJECT_VERSION = 1;
				DEFINES_MODULE = YES;
				DYLIB_COMPATIBILITY_VERSION = 1;
				DYLIB_CURRENT_VERSION = 1;
				DYLIB_INSTALL_NAME_BASE = "@rpath";
				ENABLE_MODULE_VERIFIER = YES;
				GENERATE_INFOPLIST_FILE = YES;
				INFOPLIST_KEY_NSHumanReadableCopyright = "";
				INSTALL_PATH = "$(LOCAL_LIBRARY_DIR)/Frameworks";
				LD_RUNPATH_SEARCH_PATHS = (
					"$(inherited)",
					"@executable_path/Frameworks",
					"@loader_path/Frameworks",
				);
				MARKETING_VERSION = 1.0;
				MODULE_VERIFIER_SUPPORTED_LANGUAGES = "objective-c objective-c++";
				MODULE_VERIFIER_SUPPORTED_LANGUAGE_STANDARDS = "gnu17 gnu++20";
				PRODUCT_BUNDLE_IDENTIFIER = tech.pegb.PEGBUseCases;
				PRODUCT_NAME = "$(TARGET_NAME:c99extidentifier)";
				SKIP_INSTALL = YES;
				SWIFT_EMIT_LOC_STRINGS = YES;
				SWIFT_VERSION = 5.0;
				TARGETED_DEVICE_FAMILY = "1,2";
			};
			name = Debug;
		};
		BFC6AFDF2B8A666600E3D2E7 /* Release */ = {
			isa = XCBuildConfiguration;
			buildSettings = {
				CODE_SIGN_STYLE = Automatic;
				CURRENT_PROJECT_VERSION = 1;
				DEFINES_MODULE = YES;
				DYLIB_COMPATIBILITY_VERSION = 1;
				DYLIB_CURRENT_VERSION = 1;
				DYLIB_INSTALL_NAME_BASE = "@rpath";
				ENABLE_MODULE_VERIFIER = YES;
				GENERATE_INFOPLIST_FILE = YES;
				INFOPLIST_KEY_NSHumanReadableCopyright = "";
				INSTALL_PATH = "$(LOCAL_LIBRARY_DIR)/Frameworks";
				LD_RUNPATH_SEARCH_PATHS = (
					"$(inherited)",
					"@executable_path/Frameworks",
					"@loader_path/Frameworks",
				);
				MARKETING_VERSION = 1.0;
				MODULE_VERIFIER_SUPPORTED_LANGUAGES = "objective-c objective-c++";
				MODULE_VERIFIER_SUPPORTED_LANGUAGE_STANDARDS = "gnu17 gnu++20";
				PRODUCT_BUNDLE_IDENTIFIER = tech.pegb.PEGBUseCases;
				PRODUCT_NAME = "$(TARGET_NAME:c99extidentifier)";
				SKIP_INSTALL = YES;
				SWIFT_EMIT_LOC_STRINGS = YES;
				SWIFT_VERSION = 5.0;
				TARGETED_DEVICE_FAMILY = "1,2";
			};
			name = Release;
		};
		BFC6AFE12B8A666600E3D2E7 /* Debug */ = {
			isa = XCBuildConfiguration;
			buildSettings = {
				ALWAYS_EMBED_SWIFT_STANDARD_LIBRARIES = YES;
				CODE_SIGN_STYLE = Automatic;
				CURRENT_PROJECT_VERSION = 1;
				GENERATE_INFOPLIST_FILE = YES;
				MARKETING_VERSION = 1.0;
				PRODUCT_BUNDLE_IDENTIFIER = tech.pegb.PEGBUseCasesTests;
				PRODUCT_NAME = "$(TARGET_NAME)";
				SWIFT_EMIT_LOC_STRINGS = NO;
				SWIFT_VERSION = 5.0;
				TARGETED_DEVICE_FAMILY = "1,2";
			};
			name = Debug;
		};
		BFC6AFE22B8A666600E3D2E7 /* Release */ = {
			isa = XCBuildConfiguration;
			buildSettings = {
				ALWAYS_EMBED_SWIFT_STANDARD_LIBRARIES = YES;
				CODE_SIGN_STYLE = Automatic;
				CURRENT_PROJECT_VERSION = 1;
				GENERATE_INFOPLIST_FILE = YES;
				MARKETING_VERSION = 1.0;
				PRODUCT_BUNDLE_IDENTIFIER = tech.pegb.PEGBUseCasesTests;
				PRODUCT_NAME = "$(TARGET_NAME)";
				SWIFT_EMIT_LOC_STRINGS = NO;
				SWIFT_VERSION = 5.0;
				TARGETED_DEVICE_FAMILY = "1,2";
			};
			name = Release;
		};
/* End XCBuildConfiguration section */

/* Begin XCConfigurationList section */
		BFC6AFC32B8A666600E3D2E7 /* Build configuration list for PBXProject "PEGBUseCases" */ = {
			isa = XCConfigurationList;
			buildConfigurations = (
				BFC6AFDB2B8A666600E3D2E7 /* Debug */,
				BFC6AFDC2B8A666600E3D2E7 /* Release */,
			);
			defaultConfigurationIsVisible = 0;
			defaultConfigurationName = Release;
		};
		BFC6AFDD2B8A666600E3D2E7 /* Build configuration list for PBXNativeTarget "PEGBUseCases" */ = {
			isa = XCConfigurationList;
			buildConfigurations = (
				BFC6AFDE2B8A666600E3D2E7 /* Debug */,
				BFC6AFDF2B8A666600E3D2E7 /* Release */,
			);
			defaultConfigurationIsVisible = 0;
			defaultConfigurationName = Release;
		};
		BFC6AFE02B8A666600E3D2E7 /* Build configuration list for PBXNativeTarget "PEGBUseCasesTests" */ = {
			isa = XCConfigurationList;
			buildConfigurations = (
				BFC6AFE12B8A666600E3D2E7 /* Debug */,
				BFC6AFE22B8A666600E3D2E7 /* Release */,
			);
			defaultConfigurationIsVisible = 0;
			defaultConfigurationName = Release;
		};
/* End XCConfigurationList section */
	};
	rootObject = BFC6AFC02B8A666600E3D2E7 /* Project object */;
}
